
Microsoft Visual Studio Solution File, Format Version 12.00
# Visual Studio Version 17
VisualStudioVersion = 17.9.34902.65
MinimumVisualStudioVersion = 10.0.40219.1
Project("{FAE04EC0-301F-11D3-BF4B-00C04F79EFBC}") = "NoSolid", "NoSolid\NoSolid.csproj", "{C2CA8DD7-226F-481C-A45A-5FAD5811BA15}"
EndProject
Global
	GlobalSection(SolutionConfigurationPlatforms) = preSolution
		Debug|Any CPU = Debug|Any CPU
		Release|Any CPU = Release|Any CPU
	EndGlobalSection
	GlobalSection(ProjectConfigurationPlatforms) = postSolution
		{C2CA8DD7-226F-481C-A45A-5FAD5811BA15}.Debug|Any CPU.ActiveCfg = Debug|Any CPU
		{C2CA8DD7-226F-481C-A45A-5FAD5811BA15}.Debug|Any CPU.Build.0 = Debug|Any CPU
		{C2CA8DD7-226F-481C-A45A-5FAD5811BA15}.Release|Any CPU.ActiveCfg = Release|Any CPU
		{C2CA8DD7-226F-481C-A45A-5FAD5811BA15}.Release|Any CPU.Build.0 = Release|Any CPU
	EndGlobalSection
	GlobalSection(SolutionProperties) = preSolution
		HideSolutionNode = FALSE
	EndGlobalSection
	GlobalSection(ExtensibilityGlobals) = postSolution
		SolutionGuid = {4F3C53C2-1E88-4AA2-99A6-24F7C3B22E78}
	EndGlobalSection
EndGlobal
